PODS:
  - IQKeyboardManagerSwift (6.3.0)

DEPENDENCIES:
  - IQKeyboardManagerSwift

SPEC REPOS:
  https://github.com/cocoapods/specs.git:
    - IQKeyboardManagerSwift

SPEC CHECKSUMS:
  IQKeyboardManagerSwift: a8228c257614af98743b4cd8584637025f36358f

PODFILE CHECKSUM: 584f4a4f5fb964de8d8baeaeb48bc3710ac15a22

COCOAPODS: 1.6.2
